
Microsoft Visual Studio Solution File, Format Version 12.00
# Visual Studio Version 17
VisualStudioVersion = 17.9.34728.123
MinimumVisualStudioVersion = 10.0.40219.1
Project("{FAE04EC0-301F-11D3-BF4B-00C04F79EFBC}") = "Tools", "Tools.csproj", "{0B19FD15-D5CD-4E6B-BFA7-F3C0730FA393}"
EndProject
Global
	GlobalSection(SolutionConfigurationPlatforms) = preSolution
		Debug|Any CPU = Debug|Any CPU
		Release|Any CPU = Release|Any CPU
	EndGlobalSection
	GlobalSection(ProjectConfigurationPlatforms) = postSolution
		{0B19FD15-D5CD-4E6B-BFA7-F3C0730FA393}.Debug|Any CPU.ActiveCfg = Debug|Any CPU
		{0B19FD15-D5CD-4E6B-BFA7-F3C0730FA393}.Debug|Any CPU.Build.0 = Debug|Any CPU
		{0B19FD15-D5CD-4E6B-BFA7-F3C0730FA393}.Release|Any CPU.ActiveCfg = Release|Any CPU
		{0B19FD15-D5CD-4E6B-BFA7-F3C0730FA393}.Release|Any CPU.Build.0 = Release|Any CPU
	EndGlobalSection
	GlobalSection(SolutionProperties) = preSolution
		HideSolutionNode = FALSE
	EndGlobalSection
	GlobalSection(ExtensibilityGlobals) = postSolution
		SolutionGuid = {A98C0CEE-C2EE-4F94-9B4E-E8818E168A0C}
	EndGlobalSection
EndGlobal
